
Microsoft Visual Studio Solution File, Format Version 12.00
# Visual Studio Version 17
VisualStudioVersion = 17.0.31710.8
MinimumVisualStudioVersion = 10.0.40219.1
Project("{2150E333-8FDC-42A3-9474-1A3956D46DE8}") = "src", "src", "{26AFBF44-80CB-4A70-88E1-46E0309C7C18}"
EndProject
Project("{2150E333-8FDC-42A3-9474-1A3956D46DE8}") = "test", "test", "{E72C4022-949D-4ABA-82DF-C8CA7FCB5CE6}"
EndProject
Project("{2150E333-8FDC-42A3-9474-1A3956D46DE8}") = "API", "API", "{C24CCEF8-4025-40A1-BE82-2DFA89C1543B}"
EndProject
Project("{2150E333-8FDC-42A3-9474-1A3956D46DE8}") = "Core", "Core", "{616B8E9D-7BE5-4E9B-9B16-47AA6D32FAA4}"
EndProject
Project("{2150E333-8FDC-42A3-9474-1A3956D46DE8}") = "Infrastructure", "Infrastructure", "{054C10EE-24CF-45B4-871C-D215D634F60F}"
EndProject
Project("{2150E333-8FDC-42A3-9474-1A3956D46DE8}") = "UI", "UI", "{ACA53416-6515-4BC6-9251-F8841C00EFC9}"
EndProject
Project("{9A19103F-16F7-4668-BE54-9A1E7A4F7556}") = "MarketPlace.Domain", "MarketPlace.Domain\MarketPlace.Domain.csproj", "{DEEF93E9-D6D6-4C26-BC36-202B5781D73C}"
EndProject
Project("{9A19103F-16F7-4668-BE54-9A1E7A4F7556}") = "MarketPlace.Application", "MarketPlace.Application\MarketPlace.Application.csproj", "{53F41B33-A858-4451-A4D4-C2AF534CD0B6}"
EndProject
Project("{FAE04EC0-301F-11D3-BF4B-00C04F79EFBC}") = "MarketPlace.Persistence", "MarketPlace.Persistence\MarketPlace.Persistence.csproj", "{6DCC52B8-B26E-4A7A-9D96-40D6846AA71A}"
EndProject
Global
	GlobalSection(SolutionConfigurationPlatforms) = preSolution
		Debug|Any CPU = Debug|Any CPU
		Release|Any CPU = Release|Any CPU
	EndGlobalSection
	GlobalSection(ProjectConfigurationPlatforms) = postSolution
		{DEEF93E9-D6D6-4C26-BC36-202B5781D73C}.Debug|Any CPU.ActiveCfg = Debug|Any CPU
		{DEEF93E9-D6D6-4C26-BC36-202B5781D73C}.Debug|Any CPU.Build.0 = Debug|Any CPU
		{DEEF93E9-D6D6-4C26-BC36-202B5781D73C}.Release|Any CPU.ActiveCfg = Release|Any CPU
		{DEEF93E9-D6D6-4C26-BC36-202B5781D73C}.Release|Any CPU.Build.0 = Release|Any CPU
		{53F41B33-A858-4451-A4D4-C2AF534CD0B6}.Debug|Any CPU.ActiveCfg = Debug|Any CPU
		{53F41B33-A858-4451-A4D4-C2AF534CD0B6}.Debug|Any CPU.Build.0 = Debug|Any CPU
		{53F41B33-A858-4451-A4D4-C2AF534CD0B6}.Release|Any CPU.ActiveCfg = Release|Any CPU
		{53F41B33-A858-4451-A4D4-C2AF534CD0B6}.Release|Any CPU.Build.0 = Release|Any CPU
		{6DCC52B8-B26E-4A7A-9D96-40D6846AA71A}.Debug|Any CPU.ActiveCfg = Debug|Any CPU
		{6DCC52B8-B26E-4A7A-9D96-40D6846AA71A}.Debug|Any CPU.Build.0 = Debug|Any CPU
		{6DCC52B8-B26E-4A7A-9D96-40D6846AA71A}.Release|Any CPU.ActiveCfg = Release|Any CPU
		{6DCC52B8-B26E-4A7A-9D96-40D6846AA71A}.Release|Any CPU.Build.0 = Release|Any CPU
	EndGlobalSection
	GlobalSection(SolutionProperties) = preSolution
		HideSolutionNode = FALSE
	EndGlobalSection
	GlobalSection(NestedProjects) = preSolution
		{C24CCEF8-4025-40A1-BE82-2DFA89C1543B} = {26AFBF44-80CB-4A70-88E1-46E0309C7C18}
		{616B8E9D-7BE5-4E9B-9B16-47AA6D32FAA4} = {26AFBF44-80CB-4A70-88E1-46E0309C7C18}
		{054C10EE-24CF-45B4-871C-D215D634F60F} = {26AFBF44-80CB-4A70-88E1-46E0309C7C18}
		{ACA53416-6515-4BC6-9251-F8841C00EFC9} = {26AFBF44-80CB-4A70-88E1-46E0309C7C18}
		{DEEF93E9-D6D6-4C26-BC36-202B5781D73C} = {616B8E9D-7BE5-4E9B-9B16-47AA6D32FAA4}
		{53F41B33-A858-4451-A4D4-C2AF534CD0B6} = {616B8E9D-7BE5-4E9B-9B16-47AA6D32FAA4}
		{6DCC52B8-B26E-4A7A-9D96-40D6846AA71A} = {054C10EE-24CF-45B4-871C-D215D634F60F}
	EndGlobalSection
	GlobalSection(ExtensibilityGlobals) = postSolution
		SolutionGuid = {E7838FF0-14D0-4F1A-AD19-127272842806}
	EndGlobalSection
EndGlobal
